// !$*UTF8*$!
{
	archiveVersion = 1;
	classes = {
	};
	objectVersion = 46;
	objects = {

/* Begin PBXBuildFile section */
		111BFC671DFD3C37007F28EC /* DDChooseAddressViewController.m in Sources */ = {isa = PBXBuildFile; fileRef = 111BFC641DFD3C37007F28EC /* DDChooseAddressViewController.m */; };
		111BFC681DFD3C37007F28EC /* DDChooseAddressViewController.xib in Resources */ = {isa = PBXBuildFile; fileRef = 111BFC651DFD3C37007F28EC /* DDChooseAddressViewController.xib */; };
		111BFC741DFD436F007F28EC /* MapKit.framework in Frameworks */ = {isa = PBXBuildFile; fileRef = 111BFC731DFD436F007F28EC /* MapKit.framework */; };
		1139480A1DFCA76A00662712 /* DDConstants.m in Sources */ = {isa = PBXBuildFile; fileRef = 113948091DFCA76A00662712 /* DDConstants.m */; };
		1139480F1DFCA9DD00662712 /* DDStoreSearch.m in Sources */ = {isa = PBXBuildFile; fileRef = 1139480E1DFCA9DD00662712 /* DDStoreSearch.m */; };
		113948131DFCC24700662712 /* DDRestaurantMenuSearch.m in Sources */ = {isa = PBXBuildFile; fileRef = 113948121DFCC24700662712 /* DDRestaurantMenuSearch.m */; };
		1157B5181DFCD11200005698 /* DDStore.m in Sources */ = {isa = PBXBuildFile; fileRef = 1157B5171DFCD11200005698 /* DDStore.m */; };
		1157B51E1DFCD13C00005698 /* DDStoreMapper.m in Sources */ = {isa = PBXBuildFile; fileRef = 1157B51D1DFCD13C00005698 /* DDStoreMapper.m */; };
		1157B5201DFCD79100005698 /* DDStoreMapperTests.m in Sources */ = {isa = PBXBuildFile; fileRef = 1157B51F1DFCD79100005698 /* DDStoreMapperTests.m */; };
		1157B5231DFCE73000005698 /* DDRestaurantMenu.m in Sources */ = {isa = PBXBuildFile; fileRef = 1157B5221DFCE73000005698 /* DDRestaurantMenu.m */; };
		1157B5261DFCE85E00005698 /* DDRestaurantMenuMapper.m in Sources */ = {isa = PBXBuildFile; fileRef = 1157B5251DFCE85E00005698 /* DDRestaurantMenuMapper.m */; };
		1157B52D1DFCEAF200005698 /* DDRestaurantMenuCategory.m in Sources */ = {isa = PBXBuildFile; fileRef = 1157B52C1DFCEAF200005698 /* DDRestaurantMenuCategory.m */; };
		1157B5301DFCEB6F00005698 /* DDRestaurantMenuCategoryMapper.m in Sources */ = {isa = PBXBuildFile; fileRef = 1157B52F1DFCEB6F00005698 /* DDRestaurantMenuCategoryMapper.m */; };
		1157B5351DFD047200005698 /* DDRestaurantMenuMapperTests.m in Sources */ = {isa = PBXBuildFile; fileRef = 1157B5341DFD047200005698 /* DDRestaurantMenuMapperTests.m */; };
		1157B5371DFD05D300005698 /* DDRestaurantMenuCategoryMapperTests.m in Sources */ = {isa = PBXBuildFile; fileRef = 1157B5361DFD05D300005698 /* DDRestaurantMenuCategoryMapperTests.m */; };
		1157B5391DFD0BFD00005698 /* DDRestaurantMenuCategoryMapperTests.h in Sources */ = {isa = PBXBuildFile; fileRef = 1157B5381DFD0BFD00005698 /* DDRestaurantMenuCategoryMapperTests.h */; };
		1157B53D1DFD1AF800005698 /* DDFavoriteStoresManager.m in Sources */ = {isa = PBXBuildFile; fileRef = 1157B53C1DFD1AF800005698 /* DDFavoriteStoresManager.m */; };
		117D60BB1DFDD5C1002CA482 /* Main.storyboard in Resources */ = {isa = PBXBuildFile; fileRef = 117D60BA1DFDD5C1002CA482 /* Main.storyboard */; };
		117D60C01DFDE17E002CA482 /* DDExploreTableViewController.m in Sources */ = {isa = PBXBuildFile; fileRef = 117D60BE1DFDE17E002CA482 /* DDExploreTableViewController.m */; };
		117D60C41DFDE4E5002CA482 /* DDTabBarController.m in Sources */ = {isa = PBXBuildFile; fileRef = 117D60C31DFDE4E5002CA482 /* DDTabBarController.m */; };
		117D60CA1DFDF275002CA482 /* DDTableViewCell.m in Sources */ = {isa = PBXBuildFile; fileRef = 117D60C81DFDF275002CA482 /* DDTableViewCell.m */; };
		117D60CB1DFDF275002CA482 /* DDTableViewCell.xib in Resources */ = {isa = PBXBuildFile; fileRef = 117D60C91DFDF275002CA482 /* DDTableViewCell.xib */; };
		117D60CF1DFE05BA002CA482 /* DDFavoritesTableViewController.m in Sources */ = {isa = PBXBuildFile; fileRef = 117D60CE1DFE05BA002CA482 /* DDFavoritesTableViewController.m */; };
		117D60D41DFE0F1F002CA482 /* DDRestaurantMenuViewController.m in Sources */ = {isa = PBXBuildFile; fileRef = 117D60D21DFE0F1F002CA482 /* DDRestaurantMenuViewController.m */; };
		117D60D51DFE0F1F002CA482 /* DDRestaurantMenuViewController.xib in Resources */ = {isa = PBXBuildFile; fileRef = 117D60D31DFE0F1F002CA482 /* DDRestaurantMenuViewController.xib */; };
		117FE60C1DFC9107009D4740 /* main.m in Sources */ = {isa = PBXBuildFile; fileRef = 117FE60B1DFC9107009D4740 /* main.m */; };
		117FE60F1DFC9107009D4740 /* AppDelegate.m in Sources */ = {isa = PBXBuildFile; fileRef = 117FE60E1DFC9107009D4740 /* AppDelegate.m */; };
		117FE61A1DFC9108009D4740 /* Assets.xcassets in Resources */ = {isa = PBXBuildFile; fileRef = 117FE6191DFC9108009D4740 /* Assets.xcassets */; };
		117FE6331DFC9108009D4740 /* DoorDash_HomeworkUITests.m in Sources */ = {isa = PBXBuildFile; fileRef = 117FE6321DFC9108009D4740 /* DoorDash_HomeworkUITests.m */; };
		117FE64A1DFC92A0009D4740 /* DDAPIClient.m in Sources */ = {isa = PBXBuildFile; fileRef = 117FE6491DFC92A0009D4740 /* DDAPIClient.m */; };
		690EE32F092EDE7B5D864D3E /* libPods-DoorDash_Homework.a in Frameworks */ = {isa = PBXBuildFile; fileRef = 6D220F67C91EC2559798A09C /* libPods-DoorDash_Homework.a */; };
/* End PBXBuildFile section */

/* Begin PBXContainerItemProxy section */
		117FE6241DFC9108009D4740 /* PBXContainerItemProxy */ = {
			isa = PBXContainerItemProxy;
			containerPortal = 117FE5FF1DFC9107009D4740 /* Project object */;
			proxyType = 1;
			remoteGlobalIDString = 117FE6061DFC9107009D4740;
			remoteInfo = DoorDash_Homework;
		};
		117FE62F1DFC9108009D4740 /* PBXContainerItemProxy */ = {
			isa = PBXContainerItemProxy;
			containerPortal = 117FE5FF1DFC9107009D4740 /* Project object */;
			proxyType = 1;
			remoteGlobalIDString = 117FE6061DFC9107009D4740;
			remoteInfo = DoorDash_Homework;
		};
/* End PBXContainerItemProxy section */

/* Begin PBXFileReference section */
		111BFC631DFD3C37007F28EC /* DDChooseAddressViewController.h */ = {isa = PBXFileReference; fileEncoding = 4; lastKnownFileType = sourcecode.c.h; path = DDChooseAddressViewController.h; sourceTree = "<group>"; };
		111BFC641DFD3C37007F28EC /* DDChooseAddressViewController.m */ = {isa = PBXFileReference; fileEncoding = 4; lastKnownFileType = sourcecode.c.objc; path = DDChooseAddressViewController.m; sourceTree = "<group>"; };
		111BFC651DFD3C37007F28EC /* DDChooseAddressViewController.xib */ = {isa = PBXFileReference; fileEncoding = 4; lastKnownFileType = file.xib; path = DDChooseAddressViewController.xib; sourceTree = "<group>"; };
		111BFC731DFD436F007F28EC /* MapKit.framework */ = {isa = PBXFileReference; lastKnownFileType = wrapper.framework; name = MapKit.framework; path = System/Library/Frameworks/MapKit.framework; sourceTree = SDKROOT; };
		113948081DFCA76A00662712 /* DDConstants.h */ = {isa = PBXFileReference; fileEncoding = 4; lastKnownFileType = sourcecode.c.h; path = DDConstants.h; sourceTree = "<group>"; };
		113948091DFCA76A00662712 /* DDConstants.m */ = {isa = PBXFileReference; fileEncoding = 4; lastKnownFileType = sourcecode.c.objc; path = DDConstants.m; sourceTree = "<group>"; };
		1139480D1DFCA9DD00662712 /* DDStoreSearch.h */ = {isa = PBXFileReference; fileEncoding = 4; lastKnownFileType = sourcecode.c.h; path = DDStoreSearch.h; sourceTree = "<group>"; };
		1139480E1DFCA9DD00662712 /* DDStoreSearch.m */ = {isa = PBXFileReference; fileEncoding = 4; lastKnownFileType = sourcecode.c.objc; path = DDStoreSearch.m; sourceTree = "<group>"; };
		113948111DFCC24700662712 /* DDRestaurantMenuSearch.h */ = {isa = PBXFileReference; fileEncoding = 4; lastKnownFileType = sourcecode.c.h; path = DDRestaurantMenuSearch.h; sourceTree = "<group>"; };
		113948121DFCC24700662712 /* DDRestaurantMenuSearch.m */ = {isa = PBXFileReference; fileEncoding = 4; lastKnownFileType = sourcecode.c.objc; path = DDRestaurantMenuSearch.m; sourceTree = "<group>"; };
		1157B5161DFCD11200005698 /* DDStore.h */ = {isa = PBXFileReference; fileEncoding = 4; lastKnownFileType = sourcecode.c.h; path = DDStore.h; sourceTree = "<group>"; };
		1157B5171DFCD11200005698 /* DDStore.m */ = {isa = PBXFileReference; fileEncoding = 4; lastKnownFileType = sourcecode.c.objc; path = DDStore.m; sourceTree = "<group>"; };
		1157B51C1DFCD13C00005698 /* DDStoreMapper.h */ = {isa = PBXFileReference; fileEncoding = 4; lastKnownFileType = sourcecode.c.h; path = DDStoreMapper.h; sourceTree = "<group>"; };
		1157B51D1DFCD13C00005698 /* DDStoreMapper.m */ = {isa = PBXFileReference; fileEncoding = 4; lastKnownFileType = sourcecode.c.objc; path = DDStoreMapper.m; sourceTree = "<group>"; };
		1157B51F1DFCD79100005698 /* DDStoreMapperTests.m */ = {isa = PBXFileReference; fileEncoding = 4; lastKnownFileType = sourcecode.c.objc; path = DDStoreMapperTests.m; sourceTree = "<group>"; };
		1157B5211DFCE73000005698 /* DDRestaurantMenu.h */ = {isa = PBXFileReference; fileEncoding = 4; lastKnownFileType = sourcecode.c.h; path = DDRestaurantMenu.h; sourceTree = "<group>"; };
		1157B5221DFCE73000005698 /* DDRestaurantMenu.m */ = {isa = PBXFileReference; fileEncoding = 4; lastKnownFileType = sourcecode.c.objc; path = DDRestaurantMenu.m; sourceTree = "<group>"; };
		1157B5241DFCE85E00005698 /* DDRestaurantMenuMapper.h */ = {isa = PBXFileReference; fileEncoding = 4; lastKnownFileType = sourcecode.c.h; path = DDRestaurantMenuMapper.h; sourceTree = "<group>"; };
		1157B5251DFCE85E00005698 /* DDRestaurantMenuMapper.m */ = {isa = PBXFileReference; fileEncoding = 4; lastKnownFileType = sourcecode.c.objc; path = DDRestaurantMenuMapper.m; sourceTree = "<group>"; };
		1157B52B1DFCEAF200005698 /* DDRestaurantMenuCategory.h */ = {isa = PBXFileReference; fileEncoding = 4; lastKnownFileType = sourcecode.c.h; path = DDRestaurantMenuCategory.h; sourceTree = "<group>"; };
		1157B52C1DFCEAF200005698 /* DDRestaurantMenuCategory.m */ = {isa = PBXFileReference; fileEncoding = 4; lastKnownFileType = sourcecode.c.objc; path = DDRestaurantMenuCategory.m; sourceTree = "<group>"; };
		1157B52E1DFCEB6F00005698 /* DDRestaurantMenuCategoryMapper.h */ = {isa = PBXFileReference; fileEncoding = 4; lastKnownFileType = sourcecode.c.h; path = DDRestaurantMenuCategoryMapper.h; sourceTree = "<group>"; };
		1157B52F1DFCEB6F00005698 /* DDRestaurantMenuCategoryMapper.m */ = {isa = PBXFileReference; fileEncoding = 4; lastKnownFileType = sourcecode.c.objc; path = DDRestaurantMenuCategoryMapper.m; sourceTree = "<group>"; };
		1157B5341DFD047200005698 /* DDRestaurantMenuMapperTests.m */ = {isa = PBXFileReference; fileEncoding = 4; lastKnownFileType = sourcecode.c.objc; path = DDRestaurantMenuMapperTests.m; sourceTree = "<group>"; };
		1157B5361DFD05D300005698 /* DDRestaurantMenuCategoryMapperTests.m */ = {isa = PBXFileReference; fileEncoding = 4; lastKnownFileType = sourcecode.c.objc; path = DDRestaurantMenuCategoryMapperTests.m; sourceTree = "<group>"; };
		1157B5381DFD0BFD00005698 /* DDRestaurantMenuCategoryMapperTests.h */ = {isa = PBXFileReference; fileEncoding = 4; lastKnownFileType = sourcecode.c.h; path = DDRestaurantMenuCategoryMapperTests.h; sourceTree = "<group>"; };
		1157B53B1DFD1AF800005698 /* DDFavoriteStoresManager.h */ = {isa = PBXFileReference; fileEncoding = 4; lastKnownFileType = sourcecode.c.h; path = DDFavoriteStoresManager.h; sourceTree = "<group>"; };
		1157B53C1DFD1AF800005698 /* DDFavoriteStoresManager.m */ = {isa = PBXFileReference; fileEncoding = 4; lastKnownFileType = sourcecode.c.objc; path = DDFavoriteStoresManager.m; sourceTree = "<group>"; };
		117D60BA1DFDD5C1002CA482 /* Main.storyboard */ = {isa = PBXFileReference; fileEncoding = 4; lastKnownFileType = file.storyboard; name = Main.storyboard; path = ../../../../../.Trash/Main.storyboard; sourceTree = "<group>"; };
		117D60BD1DFDE17E002CA482 /* DDExploreTableViewController.h */ = {isa = PBXFileReference; fileEncoding = 4; lastKnownFileType = sourcecode.c.h; path = DDExploreTableViewController.h; sourceTree = "<group>"; };
		117D60BE1DFDE17E002CA482 /* DDExploreTableViewController.m */ = {isa = PBXFileReference; fileEncoding = 4; lastKnownFileType = sourcecode.c.objc; path = DDExploreTableViewController.m; sourceTree = "<group>"; };
		117D60C21DFDE4E5002CA482 /* DDTabBarController.h */ = {isa = PBXFileReference; fileEncoding = 4; lastKnownFileType = sourcecode.c.h; path = DDTabBarController.h; sourceTree = "<group>"; };
		117D60C31DFDE4E5002CA482 /* DDTabBarController.m */ = {isa = PBXFileReference; fileEncoding = 4; lastKnownFileType = sourcecode.c.objc; path = DDTabBarController.m; sourceTree = "<group>"; };
		117D60C71DFDF275002CA482 /* DDTableViewCell.h */ = {isa = PBXFileReference; fileEncoding = 4; lastKnownFileType = sourcecode.c.h; path = DDTableViewCell.h; sourceTree = "<group>"; };
		117D60C81DFDF275002CA482 /* DDTableViewCell.m */ = {isa = PBXFileReference; fileEncoding = 4; lastKnownFileType = sourcecode.c.objc; path = DDTableViewCell.m; sourceTree = "<group>"; };
		117D60C91DFDF275002CA482 /* DDTableViewCell.xib */ = {isa = PBXFileReference; fileEncoding = 4; lastKnownFileType = file.xib; path = DDTableViewCell.xib; sourceTree = "<group>"; };
		117D60CD1DFE05BA002CA482 /* DDFavoritesTableViewController.h */ = {isa = PBXFileReference; fileEncoding = 4; lastKnownFileType = sourcecode.c.h; path = DDFavoritesTableViewController.h; sourceTree = "<group>"; };
		117D60CE1DFE05BA002CA482 /* DDFavoritesTableViewController.m */ = {isa = PBXFileReference; fileEncoding = 4; lastKnownFileType = sourcecode.c.objc; path = DDFavoritesTableViewController.m; sourceTree = "<group>"; };
		117D60D11DFE0F1F002CA482 /* DDRestaurantMenuViewController.h */ = {isa = PBXFileReference; fileEncoding = 4; lastKnownFileType = sourcecode.c.h; path = DDRestaurantMenuViewController.h; sourceTree = "<group>"; };
		117D60D21DFE0F1F002CA482 /* DDRestaurantMenuViewController.m */ = {isa = PBXFileReference; fileEncoding = 4; lastKnownFileType = sourcecode.c.objc; path = DDRestaurantMenuViewController.m; sourceTree = "<group>"; };
		117D60D31DFE0F1F002CA482 /* DDRestaurantMenuViewController.xib */ = {isa = PBXFileReference; fileEncoding = 4; lastKnownFileType = file.xib; path = DDRestaurantMenuViewController.xib; sourceTree = "<group>"; };
		117FE6071DFC9107009D4740 /* DoorDash_Homework.app */ = {isa = PBXFileReference; explicitFileType = wrapper.application; includeInIndex = 0; path = DoorDash_Homework.app; sourceTree = BUILT_PRODUCTS_DIR; };
		117FE60B1DFC9107009D4740 /* main.m */ = {isa = PBXFileReference; lastKnownFileType = sourcecode.c.objc; path = main.m; sourceTree = "<group>"; };
		117FE60D1DFC9107009D4740 /* AppDelegate.h */ = {isa = PBXFileReference; lastKnownFileType = sourcecode.c.h; path = AppDelegate.h; sourceTree = "<group>"; };
		117FE60E1DFC9107009D4740 /* AppDelegate.m */ = {isa = PBXFileReference; lastKnownFileType = sourcecode.c.objc; path = AppDelegate.m; sourceTree = "<group>"; };
		117FE6191DFC9108009D4740 /* Assets.xcassets */ = {isa = PBXFileReference; lastKnownFileType = folder.assetcatalog; path = Assets.xcassets; sourceTree = "<group>"; };
		117FE61E1DFC9108009D4740 /* Info.plist */ = {isa = PBXFileReference; lastKnownFileType = text.plist.xml; path = Info.plist; sourceTree = "<group>"; };
		117FE6231DFC9108009D4740 /* DoorDash_HomeworkTests.xctest */ = {isa = PBXFileReference; explicitFileType = wrapper.cfbundle; includeInIndex = 0; path = DoorDash_HomeworkTests.xctest; sourceTree = BUILT_PRODUCTS_DIR; };
		117FE6291DFC9108009D4740 /* Info.plist */ = {isa = PBXFileReference; lastKnownFileType = text.plist.xml; path = Info.plist; sourceTree = "<group>"; };
		117FE62E1DFC9108009D4740 /* DoorDash_HomeworkUITests.xctest */ = {isa = PBXFileReference; explicitFileType = wrapper.cfbundle; includeInIndex = 0; path = DoorDash_HomeworkUITests.xctest; sourceTree = BUILT_PRODUCTS_DIR; };
		117FE6321DFC9108009D4740 /* DoorDash_HomeworkUITests.m */ = {isa = PBXFileReference; lastKnownFileType = sourcecode.c.objc; path = DoorDash_HomeworkUITests.m; sourceTree = "<group>"; };
		117FE6341DFC9108009D4740 /* Info.plist */ = {isa = PBXFileReference; lastKnownFileType = text.plist.xml; path = Info.plist; sourceTree = "<group>"; };
		117FE6481DFC92A0009D4740 /* DDAPIClient.h */ = {isa = PBXFileReference; fileEncoding = 4; lastKnownFileType = sourcecode.c.h; path = DDAPIClient.h; sourceTree = "<group>"; };
		117FE6491DFC92A0009D4740 /* DDAPIClient.m */ = {isa = PBXFileReference; fileEncoding = 4; lastKnownFileType = sourcecode.c.objc; path = DDAPIClient.m; sourceTree = "<group>"; };
		40BB19A258B46F908F707380 /* Pods-DoorDash_Homework.debug.xcconfig */ = {isa = PBXFileReference; includeInIndex = 1; lastKnownFileType = text.xcconfig; name = "Pods-DoorDash_Homework.debug.xcconfig"; path = "Pods/Target Support Files/Pods-DoorDash_Homework/Pods-DoorDash_Homework.debug.xcconfig"; sourceTree = "<group>"; };
		6D220F67C91EC2559798A09C /* libPods-DoorDash_Homework.a */ = {isa = PBXFileReference; explicitFileType = archive.ar; includeInIndex = 0; path = "libPods-DoorDash_Homework.a"; sourceTree = BUILT_PRODUCTS_DIR; };
		E941960A197958E52F577A77 /* Pods-DoorDash_Homework.release.xcconfig */ = {isa = PBXFileReference; includeInIndex = 1; lastKnownFileType = text.xcconfig; name = "Pods-DoorDash_Homework.release.xcconfig"; path = "Pods/Target Support Files/Pods-DoorDash_Homework/Pods-DoorDash_Homework.release.xcconfig"; sourceTree = "<group>"; };
/* End PBXFileReference section */

/* Begin PBXFrameworksBuildPhase section */
		117FE6041DFC9107009D4740 /* Frameworks */ = {
			isa = PBXFrameworksBuildPhase;
			buildActionMask = 2147483647;
			files = (
				111BFC741DFD436F007F28EC /* MapKit.framework in Frameworks */,
				690EE32F092EDE7B5D864D3E /* libPods-DoorDash_Homework.a in Frameworks */,
			);
			runOnlyForDeploymentPostprocessing = 0;
		};
		117FE6201DFC9108009D4740 /* Frameworks */ = {
			isa = PBXFrameworksBuildPhase;
			buildActionMask = 2147483647;
			files = (
			);
			runOnlyForDeploymentPostprocessing = 0;
		};
		117FE62B1DFC9108009D4740 /* Frameworks */ = {
			isa = PBXFrameworksBuildPhase;
			buildActionMask = 2147483647;
			files = (
			);
			runOnlyForDeploymentPostprocessing = 0;
		};
/* End PBXFrameworksBuildPhase section */

/* Begin PBXGroup section */
		059012737E3F3F1DBEC9FD90 /* Frameworks */ = {
			isa = PBXGroup;
			children = (
				111BFC731DFD436F007F28EC /* MapKit.framework */,
				6D220F67C91EC2559798A09C /* libPods-DoorDash_Homework.a */,
			);
			name = Frameworks;
			sourceTree = "<group>";
		};
		111BFC621DFD3C37007F28EC /* DDChooseAddressViewController */ = {
			isa = PBXGroup;
			children = (
				111BFC631DFD3C37007F28EC /* DDChooseAddressViewController.h */,
				111BFC641DFD3C37007F28EC /* DDChooseAddressViewController.m */,
				111BFC651DFD3C37007F28EC /* DDChooseAddressViewController.xib */,
			);
			path = DDChooseAddressViewController;
			sourceTree = "<group>";
		};
		1139480B1DFCA9C300662712 /* Restaurant Menu */ = {
			isa = PBXGroup;
			children = (
				113948111DFCC24700662712 /* DDRestaurantMenuSearch.h */,
				113948121DFCC24700662712 /* DDRestaurantMenuSearch.m */,
			);
			path = "Restaurant Menu";
			sourceTree = "<group>";
		};
		1139480C1DFCA9C300662712 /* Store Search */ = {
			isa = PBXGroup;
			children = (
				1139480D1DFCA9DD00662712 /* DDStoreSearch.h */,
				1139480E1DFCA9DD00662712 /* DDStoreSearch.m */,
			);
			path = "Store Search";
			sourceTree = "<group>";
		};
		113948101DFCAD2400662712 /* Resources */ = {
			isa = PBXGroup;
			children = (
				117D60BA1DFDD5C1002CA482 /* Main.storyboard */,
				117FE6191DFC9108009D4740 /* Assets.xcassets */,
				117FE61E1DFC9108009D4740 /* Info.plist */,
			);
			name = Resources;
			sourceTree = "<group>";
		};
		1157B5131DFCD11200005698 /* Models */ = {
			isa = PBXGroup;
			children = (
				1157B5291DFCEAD700005698 /* Restaurant Menu Category */,
				1157B5141DFCD11200005698 /* Resturant Menu */,
				1157B5151DFCD11200005698 /* Store */,
			);
			path = Models;
			sourceTree = "<group>";
		};
		1157B5141DFCD11200005698 /* Resturant Menu */ = {
			isa = PBXGroup;
			children = (
				1157B5211DFCE73000005698 /* DDRestaurantMenu.h */,
				1157B5221DFCE73000005698 /* DDRestaurantMenu.m */,
			);
			path = "Resturant Menu";
			sourceTree = "<group>";
		};
		1157B5151DFCD11200005698 /* Store */ = {
			isa = PBXGroup;
			children = (
				1157B5161DFCD11200005698 /* DDStore.h */,
				1157B5171DFCD11200005698 /* DDStore.m */,
			);
			path = Store;
			sourceTree = "<group>";
		};
		1157B5191DFCD11C00005698 /* Mappers */ = {
			isa = PBXGroup;
			children = (
				1157B52A1DFCEADF00005698 /* Restaurant Menu Category Mapper */,
				1157B51A1DFCD13200005698 /* Restaurant Menu Mapper */,
				1157B51B1DFCD13200005698 /* Store Mapper */,
			);
			path = Mappers;
			sourceTree = "<group>";
		};
		1157B51A1DFCD13200005698 /* Restaurant Menu Mapper */ = {
			isa = PBXGroup;
			children = (
				1157B5241DFCE85E00005698 /* DDRestaurantMenuMapper.h */,
				1157B5251DFCE85E00005698 /* DDRestaurantMenuMapper.m */,
			);
			path = "Restaurant Menu Mapper";
			sourceTree = "<group>";
		};
		1157B51B1DFCD13200005698 /* Store Mapper */ = {
			isa = PBXGroup;
			children = (
				1157B51C1DFCD13C00005698 /* DDStoreMapper.h */,
				1157B51D1DFCD13C00005698 /* DDStoreMapper.m */,
			);
			path = "Store Mapper";
			sourceTree = "<group>";
		};
		1157B5291DFCEAD700005698 /* Restaurant Menu Category */ = {
			isa = PBXGroup;
			children = (
				1157B52B1DFCEAF200005698 /* DDRestaurantMenuCategory.h */,
				1157B52C1DFCEAF200005698 /* DDRestaurantMenuCategory.m */,
			);
			path = "Restaurant Menu Category";
			sourceTree = "<group>";
		};
		1157B52A1DFCEADF00005698 /* Restaurant Menu Category Mapper */ = {
			isa = PBXGroup;
			children = (
				1157B52E1DFCEB6F00005698 /* DDRestaurantMenuCategoryMapper.h */,
				1157B52F1DFCEB6F00005698 /* DDRestaurantMenuCategoryMapper.m */,
			);
			path = "Restaurant Menu Category Mapper";
			sourceTree = "<group>";
		};
		1157B53A1DFD1AE500005698 /* Favorite Stores */ = {
			isa = PBXGroup;
			children = (
				1157B53B1DFD1AF800005698 /* DDFavoriteStoresManager.h */,
				1157B53C1DFD1AF800005698 /* DDFavoriteStoresManager.m */,
			);
			path = "Favorite Stores";
			sourceTree = "<group>";
		};
		117D60BC1DFDE15E002CA482 /* DDExploreViewController */ = {
			isa = PBXGroup;
			children = (
				117D60BD1DFDE17E002CA482 /* DDExploreTableViewController.h */,
				117D60BE1DFDE17E002CA482 /* DDExploreTableViewController.m */,
			);
			path = DDExploreViewController;
			sourceTree = "<group>";
		};
		117D60C51DFDF24B002CA482 /* Views */ = {
			isa = PBXGroup;
			children = (
				117D60C61DFDF24B002CA482 /* DoorDashTableViewCell */,
			);
			path = Views;
			sourceTree = "<group>";
		};
		117D60C61DFDF24B002CA482 /* DoorDashTableViewCell */ = {
			isa = PBXGroup;
			children = (
				117D60C71DFDF275002CA482 /* DDTableViewCell.h */,
				117D60C81DFDF275002CA482 /* DDTableViewCell.m */,
				117D60C91DFDF275002CA482 /* DDTableViewCell.xib */,
			);
			path = DoorDashTableViewCell;
			sourceTree = "<group>";
		};
		117D60CC1DFE05A6002CA482 /* DDFavoritesViewController */ = {
			isa = PBXGroup;
			children = (
				117D60CD1DFE05BA002CA482 /* DDFavoritesTableViewController.h */,
				117D60CE1DFE05BA002CA482 /* DDFavoritesTableViewController.m */,
			);
			path = DDFavoritesViewController;
			sourceTree = "<group>";
		};
		117D60D01DFE0F0C002CA482 /* DDRestaurantMenuViewController */ = {
			isa = PBXGroup;
			children = (
				117D60D11DFE0F1F002CA482 /* DDRestaurantMenuViewController.h */,
				117D60D21DFE0F1F002CA482 /* DDRestaurantMenuViewController.m */,
				117D60D31DFE0F1F002CA482 /* DDRestaurantMenuViewController.xib */,
			);
			path = DDRestaurantMenuViewController;
			sourceTree = "<group>";
		};
		117FE5FE1DFC9107009D4740 = {
			isa = PBXGroup;
			children = (
				117FE6091DFC9107009D4740 /* DoorDash_Homework */,
				117FE6261DFC9108009D4740 /* DoorDash_HomeworkTests */,
				117FE6311DFC9108009D4740 /* DoorDash_HomeworkUITests */,
				117FE6081DFC9107009D4740 /* Products */,
				EFD18039CC730053CEA528BF /* Pods */,
				059012737E3F3F1DBEC9FD90 /* Frameworks */,
			);
			sourceTree = "<group>";
		};
		117FE6081DFC9107009D4740 /* Products */ = {
			isa = PBXGroup;
			children = (
				117FE6071DFC9107009D4740 /* DoorDash_Homework.app */,
				117FE6231DFC9108009D4740 /* DoorDash_HomeworkTests.xctest */,
				117FE62E1DFC9108009D4740 /* DoorDash_HomeworkUITests.xctest */,
			);
			name = Products;
			sourceTree = "<group>";
		};
		117FE6091DFC9107009D4740 /* DoorDash_Homework */ = {
			isa = PBXGroup;
			children = (
				117FE60D1DFC9107009D4740 /* AppDelegate.h */,
				117FE60E1DFC9107009D4740 /* AppDelegate.m */,
				113948081DFCA76A00662712 /* DDConstants.h */,
				113948091DFCA76A00662712 /* DDConstants.m */,
				1157B5131DFCD11200005698 /* Models */,
				1157B5191DFCD11C00005698 /* Mappers */,
				117FE6401DFC923F009D4740 /* Service */,
				117D60C51DFDF24B002CA482 /* Views */,
				117FE6411DFC9247009D4740 /* ViewControllers */,
				113948101DFCAD2400662712 /* Resources */,
				117FE60A1DFC9107009D4740 /* Supporting Files */,
			);
			path = DoorDash_Homework;
			sourceTree = "<group>";
		};
		117FE60A1DFC9107009D4740 /* Supporting Files */ = {
			isa = PBXGroup;
			children = (
				117FE60B1DFC9107009D4740 /* main.m */,
			);
			name = "Supporting Files";
			sourceTree = "<group>";
		};
		117FE6261DFC9108009D4740 /* DoorDash_HomeworkTests */ = {
			isa = PBXGroup;
			children = (
				117FE6291DFC9108009D4740 /* Info.plist */,
				1157B51F1DFCD79100005698 /* DDStoreMapperTests.m */,
				1157B5341DFD047200005698 /* DDRestaurantMenuMapperTests.m */,
				1157B5381DFD0BFD00005698 /* DDRestaurantMenuCategoryMapperTests.h */,
				1157B5361DFD05D300005698 /* DDRestaurantMenuCategoryMapperTests.m */,
			);
			path = DoorDash_HomeworkTests;
			sourceTree = "<group>";
		};
		117FE6311DFC9108009D4740 /* DoorDash_HomeworkUITests */ = {
			isa = PBXGroup;
			children = (
				117FE6321DFC9108009D4740 /* DoorDash_HomeworkUITests.m */,
				117FE6341DFC9108009D4740 /* Info.plist */,
			);
			path = DoorDash_HomeworkUITests;
			sourceTree = "<group>";
		};
		117FE6401DFC923F009D4740 /* Service */ = {
			isa = PBXGroup;
			children = (
				1157B53A1DFD1AE500005698 /* Favorite Stores */,
				1139480B1DFCA9C300662712 /* Restaurant Menu */,
				1139480C1DFCA9C300662712 /* Store Search */,
				117FE6481DFC92A0009D4740 /* DDAPIClient.h */,
				117FE6491DFC92A0009D4740 /* DDAPIClient.m */,
			);
			path = Service;
			sourceTree = "<group>";
		};
		117FE6411DFC9247009D4740 /* ViewControllers */ = {
			isa = PBXGroup;
			children = (
				117D60D01DFE0F0C002CA482 /* DDRestaurantMenuViewController */,
				117D60CC1DFE05A6002CA482 /* DDFavoritesViewController */,
				117D60BC1DFDE15E002CA482 /* DDExploreViewController */,
				111BFC621DFD3C37007F28EC /* DDChooseAddressViewController */,
				117D60C21DFDE4E5002CA482 /* DDTabBarController.h */,
				117D60C31DFDE4E5002CA482 /* DDTabBarController.m */,
			);
			path = ViewControllers;
			sourceTree = "<group>";
		};
		EFD18039CC730053CEA528BF /* Pods */ = {
			isa = PBXGroup;
			children = (
				40BB19A258B46F908F707380 /* Pods-DoorDash_Homework.debug.xcconfig */,
				E941960A197958E52F577A77 /* Pods-DoorDash_Homework.release.xcconfig */,
			);
			name = Pods;
			sourceTree = "<group>";
		};
/* End PBXGroup section */

/* Begin PBXNativeTarget section */
		117FE6061DFC9107009D4740 /* DoorDash_Homework */ = {
			isa = PBXNativeTarget;
			buildConfigurationList = 117FE6371DFC9108009D4740 /* Build configuration list for PBXNativeTarget "DoorDash_Homework" */;
			buildPhases = (
				50763B298AF1A7657E8D45DA /* [CP] Check Pods Manifest.lock */,
				117FE6031DFC9107009D4740 /* Sources */,
				117FE6041DFC9107009D4740 /* Frameworks */,
				117FE6051DFC9107009D4740 /* Resources */,
				1A0051EC348FCCA643D06C77 /* [CP] Embed Pods Frameworks */,
				CDE503E96E48973E92105918 /* [CP] Copy Pods Resources */,
			);
			buildRules = (
			);
			dependencies = (
			);
			name = DoorDash_Homework;
			productName = DoorDash_Homework;
			productReference = 117FE6071DFC9107009D4740 /* DoorDash_Homework.app */;
			productType = "com.apple.product-type.application";
		};
		117FE6221DFC9108009D4740 /* DoorDash_HomeworkTests */ = {
			isa = PBXNativeTarget;
			buildConfigurationList = 117FE63A1DFC9108009D4740 /* Build configuration list for PBXNativeTarget "DoorDash_HomeworkTests" */;
			buildPhases = (
				117FE61F1DFC9108009D4740 /* Sources */,
				117FE6201DFC9108009D4740 /* Frameworks */,
				117FE6211DFC9108009D4740 /* Resources */,
			);
			buildRules = (
			);
			dependencies = (
				117FE6251DFC9108009D4740 /* PBXTargetDependency */,
			);
			name = DoorDash_HomeworkTests;
			productName = DoorDash_HomeworkTests;
			productReference = 117FE6231DFC9108009D4740 /* DoorDash_HomeworkTests.xctest */;
			productType = "com.apple.product-type.bundle.unit-test";
		};
		117FE62D1DFC9108009D4740 /* DoorDash_HomeworkUITests */ = {
			isa = PBXNativeTarget;
			buildConfigurationList = 117FE63D1DFC9108009D4740 /* Build configuration list for PBXNativeTarget "DoorDash_HomeworkUITests" */;
			buildPhases = (
				117FE62A1DFC9108009D4740 /* Sources */,
				117FE62B1DFC9108009D4740 /* Frameworks */,
				117FE62C1DFC9108009D4740 /* Resources */,
			);
			buildRules = (
			);
			dependencies = (
				117FE6301DFC9108009D4740 /* PBXTargetDependency */,
			);
			name = DoorDash_HomeworkUITests;
			productName = DoorDash_HomeworkUITests;
			productReference = 117FE62E1DFC9108009D4740 /* DoorDash_HomeworkUITests.xctest */;
			productType = "com.apple.product-type.bundle.ui-testing";
		};
/* End PBXNativeTarget section */

/* Begin PBXProject section */
		117FE5FF1DFC9107009D4740 /* Project object */ = {
			isa = PBXProject;
			attributes = {
				LastUpgradeCheck = 0800;
				ORGANIZATIONNAME = "Nimesh Desai";
				TargetAttributes = {
					117FE6061DFC9107009D4740 = {
						CreatedOnToolsVersion = 8.0;
						DevelopmentTeam = 4727BSHESM;
						ProvisioningStyle = Automatic;
					};
					117FE6221DFC9108009D4740 = {
						CreatedOnToolsVersion = 8.0;
						ProvisioningStyle = Automatic;
						TestTargetID = 117FE6061DFC9107009D4740;
					};
					117FE62D1DFC9108009D4740 = {
						CreatedOnToolsVersion = 8.0;
						ProvisioningStyle = Automatic;
						TestTargetID = 117FE6061DFC9107009D4740;
					};
				};
			};
			buildConfigurationList = 117FE6021DFC9107009D4740 /* Build configuration list for PBXProject "DoorDash_Homework" */;
			compatibilityVersion = "Xcode 3.2";
			developmentRegion = English;
			hasScannedForEncodings = 0;
			knownRegions = (
				en,
				Base,
			);
			mainGroup = 117FE5FE1DFC9107009D4740;
			productRefGroup = 117FE6081DFC9107009D4740 /* Products */;
			projectDirPath = "";
			projectRoot = "";
			targets = (
				117FE6061DFC9107009D4740 /* DoorDash_Homework */,
				117FE6221DFC9108009D4740 /* DoorDash_HomeworkTests */,
				117FE62D1DFC9108009D4740 /* DoorDash_HomeworkUITests */,
			);
		};
/* End PBXProject section */

/* Begin PBXResourcesBuildPhase section */
		117FE6051DFC9107009D4740 /* Resources */ = {
			isa = PBXResourcesBuildPhase;
			buildActionMask = 2147483647;
			files = (
				117D60BB1DFDD5C1002CA482 /* Main.storyboard in Resources */,
				111BFC681DFD3C37007F28EC /* DDChooseAddressViewController.xib in Resources */,
				117D60D51DFE0F1F002CA482 /* DDRestaurantMenuViewController.xib in Resources */,
				117FE61A1DFC9108009D4740 /* Assets.xcassets in Resources */,
				117D60CB1DFDF275002CA482 /* DDTableViewCell.xib in Resources */,
			);
			runOnlyForDeploymentPostprocessing = 0;
		};
		117FE6211DFC9108009D4740 /* Resources */ = {
			isa = PBXResourcesBuildPhase;
			buildActionMask = 2147483647;
			files = (
			);
			runOnlyForDeploymentPostprocessing = 0;
		};
		117FE62C1DFC9108009D4740 /* Resources */ = {
			isa = PBXResourcesBuildPhase;
			buildActionMask = 2147483647;
			files = (
			);
			runOnlyForDeploymentPostprocessing = 0;
		};
/* End PBXResourcesBuildPhase section */

/* Begin PBXShellScriptBuildPhase section */
		1A0051EC348FCCA643D06C77 /* [CP] Embed Pods Frameworks */ = {
			isa = PBXShellScriptBuildPhase;
			buildActionMask = 2147483647;
			files = (
			);
			inputPaths = (
			);
			name = "[CP] Embed Pods Frameworks";
			outputPaths = (
			);
			runOnlyForDeploymentPostprocessing = 0;
			shellPath = /bin/sh;
			shellScript = "\"${SRCROOT}/Pods/Target Support Files/Pods-DoorDash_Homework/Pods-DoorDash_Homework-frameworks.sh\"\n";
			showEnvVarsInLog = 0;
		};
		50763B298AF1A7657E8D45DA /* [CP] Check Pods Manifest.lock */ = {
			isa = PBXShellScriptBuildPhase;
			buildActionMask = 2147483647;
			files = (
			);
			inputPaths = (
			);
			name = "[CP] Check Pods Manifest.lock";
			outputPaths = (
			);
			runOnlyForDeploymentPostprocessing = 0;
			shellPath = /bin/sh;
			shellScript = "diff \"${PODS_ROOT}/../Podfile.lock\" \"${PODS_ROOT}/Manifest.lock\" > /dev/null\nif [ $? != 0 ] ; then\n    # print error to STDERR\n    echo \"error: The sandbox is not in sync with the Podfile.lock. Run 'pod install' or update your CocoaPods installation.\" >&2\n    exit 1\nfi\n";
			showEnvVarsInLog = 0;
		};
		CDE503E96E48973E92105918 /* [CP] Copy Pods Resources */ = {
			isa = PBXShellScriptBuildPhase;
			buildActionMask = 2147483647;
			files = (
			);
			inputPaths = (
			);
			name = "[CP] Copy Pods Resources";
			outputPaths = (
			);
			runOnlyForDeploymentPostprocessing = 0;
			shellPath = /bin/sh;
			shellScript = "\"${SRCROOT}/Pods/Target Support Files/Pods-DoorDash_Homework/Pods-DoorDash_Homework-resources.sh\"\n";
			showEnvVarsInLog = 0;
		};
/* End PBXShellScriptBuildPhase section */

/* Begin PBXSourcesBuildPhase section */
		117FE6031DFC9107009D4740 /* Sources */ = {
			isa = PBXSourcesBuildPhase;
			buildActionMask = 2147483647;
			files = (
				1139480A1DFCA76A00662712 /* DDConstants.m in Sources */,
				1157B5301DFCEB6F00005698 /* DDRestaurantMenuCategoryMapper.m in Sources */,
				117FE60F1DFC9107009D4740 /* AppDelegate.m in Sources */,
				113948131DFCC24700662712 /* DDRestaurantMenuSearch.m in Sources */,
				117D60CF1DFE05BA002CA482 /* DDFavoritesTableViewController.m in Sources */,
				1139480F1DFCA9DD00662712 /* DDStoreSearch.m in Sources */,
				117D60D41DFE0F1F002CA482 /* DDRestaurantMenuViewController.m in Sources */,
				117FE64A1DFC92A0009D4740 /* DDAPIClient.m in Sources */,
				1157B51E1DFCD13C00005698 /* DDStoreMapper.m in Sources */,
				117D60C41DFDE4E5002CA482 /* DDTabBarController.m in Sources */,
				117D60C01DFDE17E002CA482 /* DDExploreTableViewController.m in Sources */,
				117D60CA1DFDF275002CA482 /* DDTableViewCell.m in Sources */,
				111BFC671DFD3C37007F28EC /* DDChooseAddressViewController.m in Sources */,
				1157B5181DFCD11200005698 /* DDStore.m in Sources */,
				1157B52D1DFCEAF200005698 /* DDRestaurantMenuCategory.m in Sources */,
				1157B5231DFCE73000005698 /* DDRestaurantMenu.m in Sources */,
				1157B53D1DFD1AF800005698 /* DDFavoriteStoresManager.m in Sources */,
				1157B5261DFCE85E00005698 /* DDRestaurantMenuMapper.m in Sources */,
				117FE60C1DFC9107009D4740 /* main.m in Sources */,
			);
			runOnlyForDeploymentPostprocessing = 0;
		};
		117FE61F1DFC9108009D4740 /* Sources */ = {
			isa = PBXSourcesBuildPhase;
			buildActionMask = 2147483647;
			files = (
				1157B5201DFCD79100005698 /* DDStoreMapperTests.m in Sources */,
				1157B5391DFD0BFD00005698 /* DDRestaurantMenuCategoryMapperTests.h in Sources */,
				1157B5351DFD047200005698 /* DDRestaurantMenuMapperTests.m in Sources */,
				1157B5371DFD05D300005698 /* DDRestaurantMenuCategoryMapperTests.m in Sources */,
			);
			runOnlyForDeploymentPostprocessing = 0;
		};
		117FE62A1DFC9108009D4740 /* Sources */ = {
			isa = PBXSourcesBuildPhase;
			buildActionMask = 2147483647;
			files = (
				117FE6331DFC9108009D4740 /* DoorDash_HomeworkUITests.m in Sources */,
			);
			runOnlyForDeploymentPostprocessing = 0;
		};
/* End PBXSourcesBuildPhase section */

/* Begin PBXTargetDependency section */
		117FE6251DFC9108009D4740 /* PBXTargetDependency */ = {
			isa = PBXTargetDependency;
			target = 117FE6061DFC9107009D4740 /* DoorDash_Homework */;
			targetProxy = 117FE6241DFC9108009D4740 /* PBXContainerItemProxy */;
		};
		117FE6301DFC9108009D4740 /* PBXTargetDependency */ = {
			isa = PBXTargetDependency;
			target = 117FE6061DFC9107009D4740 /* DoorDash_Homework */;
			targetProxy = 117FE62F1DFC9108009D4740 /* PBXContainerItemProxy */;
		};
/* End PBXTargetDependency section */

/* Begin XCBuildConfiguration section */
		117FE6351DFC9108009D4740 /* Debug */ = {
			isa = XCBuildConfiguration;
			buildSettings = {
				ALWAYS_SEARCH_USER_PATHS = NO;
				CLANG_ANALYZER_NONNULL = YES;
				CLANG_CXX_LANGUAGE_STANDARD = "gnu++0x";
				CLANG_CXX_LIBRARY = "libc++";
				CLANG_ENABLE_MODULES = YES;
				CLANG_ENABLE_OBJC_ARC = YES;
				CLANG_WARN_BOOL_CONVERSION = YES;
				CLANG_WARN_CONSTANT_CONVERSION = YES;
				CLANG_WARN_DIRECT_OBJC_ISA_USAGE = YES_ERROR;
				CLANG_WARN_DOCUMENTATION_COMMENTS = YES;
				CLANG_WARN_EMPTY_BODY = YES;
				CLANG_WARN_ENUM_CONVERSION = YES;
				CLANG_WARN_INFINITE_RECURSION = YES;
				CLANG_WARN_INT_CONVERSION = YES;
				CLANG_WARN_OBJC_ROOT_CLASS = YES_ERROR;
				CLANG_WARN_SUSPICIOUS_MOVE = YES;
				CLANG_WARN_SUSPICIOUS_MOVES = YES;
				CLANG_WARN_UNREACHABLE_CODE = YES;
				CLANG_WARN__DUPLICATE_METHOD_MATCH = YES;
				"CODE_SIGN_IDENTITY[sdk=iphoneos*]" = "iPhone Developer";
				COPY_PHASE_STRIP = NO;
				DEBUG_INFORMATION_FORMAT = dwarf;
				ENABLE_STRICT_OBJC_MSGSEND = YES;
				ENABLE_TESTABILITY = YES;
				GCC_C_LANGUAGE_STANDARD = gnu99;
				GCC_DYNAMIC_NO_PIC = NO;
				GCC_NO_COMMON_BLOCKS = YES;
				GCC_OPTIMIZATION_LEVEL = 0;
				GCC_PREPROCESSOR_DEFINITIONS = (
					"DEBUG=1",
					"$(inherited)",
				);
				GCC_WARN_64_TO_32_BIT_CONVERSION = YES;
				GCC_WARN_ABOUT_RETURN_TYPE = YES_ERROR;
				GCC_WARN_UNDECLARED_SELECTOR = YES;
				GCC_WARN_UNINITIALIZED_AUTOS = YES_AGGRESSIVE;
				GCC_WARN_UNUSED_FUNCTION = YES;
				GCC_WARN_UNUSED_VARIABLE = YES;
				IPHONEOS_DEPLOYMENT_TARGET = 10.0;
				MTL_ENABLE_DEBUG_INFO = YES;
				ONLY_ACTIVE_ARCH = YES;
				SDKROOT = iphoneos;
			};
			name = Debug;
		};
		117FE6361DFC9108009D4740 /* Release */ = {
			isa = XCBuildConfiguration;
			buildSettings = {
				ALWAYS_SEARCH_USER_PATHS = NO;
				CLANG_ANALYZER_NONNULL = YES;
				CLANG_CXX_LANGUAGE_STANDARD = "gnu++0x";
				CLANG_CXX_LIBRARY = "libc++";
				CLANG_ENABLE_MODULES = YES;
				CLANG_ENABLE_OBJC_ARC = YES;
				CLANG_WARN_BOOL_CONVERSION = YES;
				CLANG_WARN_CONSTANT_CONVERSION = YES;
				CLANG_WARN_DIRECT_OBJC_ISA_USAGE = YES_ERROR;
				CLANG_WARN_DOCUMENTATION_COMMENTS = YES;
				CLANG_WARN_EMPTY_BODY = YES;
				CLANG_WARN_ENUM_CONVERSION = YES;
				CLANG_WARN_INFINITE_RECURSION = YES;
				CLANG_WARN_INT_CONVERSION = YES;
				CLANG_WARN_OBJC_ROOT_CLASS = YES_ERROR;
				CLANG_WARN_SUSPICIOUS_MOVE = YES;
				CLANG_WARN_SUSPICIOUS_MOVES = YES;
				CLANG_WARN_UNREACHABLE_CODE = YES;
				CLANG_WARN__DUPLICATE_METHOD_MATCH = YES;
				"CODE_SIGN_IDENTITY[sdk=iphoneos*]" = "iPhone Developer";
				COPY_PHASE_STRIP = NO;
				DEBUG_INFORMATION_FORMAT = "dwarf-with-dsym";
				ENABLE_NS_ASSERTIONS = NO;
				ENABLE_STRICT_OBJC_MSGSEND = YES;
				GCC_C_LANGUAGE_STANDARD = gnu99;
				GCC_NO_COMMON_BLOCKS = YES;
				GCC_WARN_64_TO_32_BIT_CONVERSION = YES;
				GCC_WARN_ABOUT_RETURN_TYPE = YES_ERROR;
				GCC_WARN_UNDECLARED_SELECTOR = YES;
				GCC_WARN_UNINITIALIZED_AUTOS = YES_AGGRESSIVE;
				GCC_WARN_UNUSED_FUNCTION = YES;
				GCC_WARN_UNUSED_VARIABLE = YES;
				IPHONEOS_DEPLOYMENT_TARGET = 10.0;
				MTL_ENABLE_DEBUG_INFO = NO;
				SDKROOT = iphoneos;
				VALIDATE_PRODUCT = YES;
			};
			name = Release;
		};
		117FE6381DFC9108009D4740 /* Debug */ = {
			isa = XCBuildConfiguration;
			baseConfigurationReference = 40BB19A258B46F908F707380 /* Pods-DoorDash_Homework.debug.xcconfig */;
			buildSettings = {
				ASSETCATALOG_COMPILER_APPICON_NAME = AppIcon;
				DEVELOPMENT_TEAM = 4727BSHESM;
				INFOPLIST_FILE = DoorDash_Homework/Info.plist;
				IPHONEOS_DEPLOYMENT_TARGET = 9.0;
				LD_RUNPATH_SEARCH_PATHS = "$(inherited) @executable_path/Frameworks";
				PRODUCT_BUNDLE_IDENTIFIER = "com.desai.nimesh.DoorDash-Homework";
				PRODUCT_NAME = "$(TARGET_NAME)";
			};
			name = Debug;
		};
		117FE6391DFC9108009D4740 /* Release */ = {
			isa = XCBuildConfiguration;
			baseConfigurationReference = E941960A197958E52F577A77 /* Pods-DoorDash_Homework.release.xcconfig */;
			buildSettings = {
				ASSETCATALOG_COMPILER_APPICON_NAME = AppIcon;
				DEVELOPMENT_TEAM = 4727BSHESM;
				INFOPLIST_FILE = DoorDash_Homework/Info.plist;
				IPHONEOS_DEPLOYMENT_TARGET = 9.0;
				LD_RUNPATH_SEARCH_PATHS = "$(inherited) @executable_path/Frameworks";
				PRODUCT_BUNDLE_IDENTIFIER = "com.desai.nimesh.DoorDash-Homework";
				PRODUCT_NAME = "$(TARGET_NAME)";
			};
			name = Release;
		};
		117FE63B1DFC9108009D4740 /* Debug */ = {
			isa = XCBuildConfiguration;
			buildSettings = {
				BUNDLE_LOADER = "$(TEST_HOST)";
				INFOPLIST_FILE = DoorDash_HomeworkTests/Info.plist;
				LD_RUNPATH_SEARCH_PATHS = "$(inherited) @executable_path/Frameworks @loader_path/Frameworks";
				PRODUCT_BUNDLE_IDENTIFIER = "com.desai.nimesh.DoorDash-HomeworkTests";
				PRODUCT_NAME = "$(TARGET_NAME)";
				TEST_HOST = "$(BUILT_PRODUCTS_DIR)/DoorDash_Homework.app/DoorDash_Homework";
			};
			name = Debug;
		};
		117FE63C1DFC9108009D4740 /* Release */ = {
			isa = XCBuildConfiguration;
			buildSettings = {
				BUNDLE_LOADER = "$(TEST_HOST)";
				INFOPLIST_FILE = DoorDash_HomeworkTests/Info.plist;
				LD_RUNPATH_SEARCH_PATHS = "$(inherited) @executable_path/Frameworks @loader_path/Frameworks";
				PRODUCT_BUNDLE_IDENTIFIER = "com.desai.nimesh.DoorDash-HomeworkTests";
				PRODUCT_NAME = "$(TARGET_NAME)";
				TEST_HOST = "$(BUILT_PRODUCTS_DIR)/DoorDash_Homework.app/DoorDash_Homework";
			};
			name = Release;
		};
		117FE63E1DFC9108009D4740 /* Debug */ = {
			isa = XCBuildConfiguration;
			buildSettings = {
				INFOPLIST_FILE = DoorDash_HomeworkUITests/Info.plist;
				LD_RUNPATH_SEARCH_PATHS = "$(inherited) @executable_path/Frameworks @loader_path/Frameworks";
				PRODUCT_BUNDLE_IDENTIFIER = "com.desai.nimesh.DoorDash-HomeworkUITests";
				PRODUCT_NAME = "$(TARGET_NAME)";
				TEST_TARGET_NAME = DoorDash_Homework;
			};
			name = Debug;
		};
		117FE63F1DFC9108009D4740 /* Release */ = {
			isa = XCBuildConfiguration;
			buildSettings = {
				INFOPLIST_FILE = DoorDash_HomeworkUITests/Info.plist;
				LD_RUNPATH_SEARCH_PATHS = "$(inherited) @executable_path/Frameworks @loader_path/Frameworks";
				PRODUCT_BUNDLE_IDENTIFIER = "com.desai.nimesh.DoorDash-HomeworkUITests";
				PRODUCT_NAME = "$(TARGET_NAME)";
				TEST_TARGET_NAME = DoorDash_Homework;
			};
			name = Release;
		};
/* End XCBuildConfiguration section */

/* Begin XCConfigurationList section */
		117FE6021DFC9107009D4740 /* Build configuration list for PBXProject "DoorDash_Homework" */ = {
			isa = XCConfigurationList;
			buildConfigurations = (
				117FE6351DFC9108009D4740 /* Debug */,
				117FE6361DFC9108009D4740 /* Release */,
			);
			defaultConfigurationIsVisible = 0;
			defaultConfigurationName = Release;
		};
		117FE6371DFC9108009D4740 /* Build configuration list for PBXNativeTarget "DoorDash_Homework" */ = {
			isa = XCConfigurationList;
			buildConfigurations = (
				117FE6381DFC9108009D4740 /* Debug */,
				117FE6391DFC9108009D4740 /* Release */,
			);
			defaultConfigurationIsVisible = 0;
			defaultConfigurationName = Release;
		};
		117FE63A1DFC9108009D4740 /* Build configuration list for PBXNativeTarget "DoorDash_HomeworkTests" */ = {
			isa = XCConfigurationList;
			buildConfigurations = (
				117FE63B1DFC9108009D4740 /* Debug */,
				117FE63C1DFC9108009D4740 /* Release */,
			);
			defaultConfigurationIsVisible = 0;
			defaultConfigurationName = Release;
		};
		117FE63D1DFC9108009D4740 /* Build configuration list for PBXNativeTarget "DoorDash_HomeworkUITests" */ = {
			isa = XCConfigurationList;
			buildConfigurations = (
				117FE63E1DFC9108009D4740 /* Debug */,
				117FE63F1DFC9108009D4740 /* Release */,
			);
			defaultConfigurationIsVisible = 0;
			defaultConfigurationName = Release;
		};
/* End XCConfigurationList section */
	};
	rootObject = 117FE5FF1DFC9107009D4740 /* Project object */;
}
